{
  "name": "@builder-squad/core",
  "version": "0.10.0-rc.2",
  "lockfileVersion": 3,
  "requires": true,
  "packages": {
    "": {
      "name": "@builder-squad/core",
      "version": "0.10.0-rc.2",
      "license": "UNLICENSED",
      "bin": {
        "builder-squad": "scripts/builder-squad.mjs"
      },
      "engines": {
        "node": ">=18"
      }
    }
  }
}
